
Microsoft Visual Studio Solution File, Format Version 12.00
# Visual Studio Version 17
VisualStudioVersion = 17.0.31903.59
MinimumVisualStudioVersion = 10.0.40219.1
Project("{FAE04EC0-301F-11D3-BF4B-00C04F79EFBC}") = "ConsoleCalculator", "ConsoleCalculator\ConsoleCalculator.csproj", "{DCB04A9A-5F94-44D5-BBE1-36D671E6A7BA}"
EndProject
Project("{FAE04EC0-301F-11D3-BF4B-00C04F79EFBC}") = "CalculatorTests", "CalculatorTests\CalculatorTests.csproj", "{8A399FBF-1593-49F5-A77A-5C6781A4B566}"
EndProject
Global
	GlobalSection(SolutionConfigurationPlatforms) = preSolution
		Debug|Any CPU = Debug|Any CPU
		Release|Any CPU = Release|Any CPU
	EndGlobalSection
	GlobalSection(SolutionProperties) = preSolution
		HideSolutionNode = FALSE
	EndGlobalSection
	GlobalSection(ProjectConfigurationPlatforms) = postSolution
		{DCB04A9A-5F94-44D5-BBE1-36D671E6A7BA}.Debug|Any CPU.ActiveCfg = Debug|Any CPU
		{DCB04A9A-5F94-44D5-BBE1-36D671E6A7BA}.Debug|Any CPU.Build.0 = Debug|Any CPU
		{DCB04A9A-5F94-44D5-BBE1-36D671E6A7BA}.Release|Any CPU.ActiveCfg = Release|Any CPU
		{DCB04A9A-5F94-44D5-BBE1-36D671E6A7BA}.Release|Any CPU.Build.0 = Release|Any CPU
		{8A399FBF-1593-49F5-A77A-5C6781A4B566}.Debug|Any CPU.ActiveCfg = Debug|Any CPU
		{8A399FBF-1593-49F5-A77A-5C6781A4B566}.Debug|Any CPU.Build.0 = Debug|Any CPU
		{8A399FBF-1593-49F5-A77A-5C6781A4B566}.Release|Any CPU.ActiveCfg = Release|Any CPU
		{8A399FBF-1593-49F5-A77A-5C6781A4B566}.Release|Any CPU.Build.0 = Release|Any CPU
	EndGlobalSection
EndGlobal
